
Microsoft Visual Studio Solution File, Format Version 12.00
# Visual Studio Version 17
VisualStudioVersion = 17.12.35707.178 d17.12
MinimumVisualStudioVersion = 10.0.40219.1
Project("{FAE04EC0-301F-11D3-BF4B-00C04F79EFBC}") = "Karsakov_PR03_GIT", "Karsakov_PR03_GIT\Karsakov_PR03_GIT.csproj", "{FCBF0DD5-FBED-4D90-8F3F-8938F3F3CD96}"
EndProject
Global
	GlobalSection(SolutionConfigurationPlatforms) = preSolution
		Debug|Any CPU = Debug|Any CPU
		Release|Any CPU = Release|Any CPU
	EndGlobalSection
	GlobalSection(ProjectConfigurationPlatforms) = postSolution
		{FCBF0DD5-FBED-4D90-8F3F-8938F3F3CD96}.Debug|Any CPU.ActiveCfg = Debug|Any CPU
		{FCBF0DD5-FBED-4D90-8F3F-8938F3F3CD96}.Debug|Any CPU.Build.0 = Debug|Any CPU
		{FCBF0DD5-FBED-4D90-8F3F-8938F3F3CD96}.Release|Any CPU.ActiveCfg = Release|Any CPU
		{FCBF0DD5-FBED-4D90-8F3F-8938F3F3CD96}.Release|Any CPU.Build.0 = Release|Any CPU
	EndGlobalSection
	GlobalSection(SolutionProperties) = preSolution
		HideSolutionNode = FALSE
	EndGlobalSection
EndGlobal
